
Microsoft Visual Studio Solution File, Format Version 12.00
# Visual Studio Version 17
VisualStudioVersion = 17.13.35828.75 d17.13
MinimumVisualStudioVersion = 10.0.40219.1
Project("{FAE04EC0-301F-11D3-BF4B-00C04F79EFBC}") = "DAL", "DAL\DAL.csproj", "{4BC1DCFD-A6B6-41B4-9657-CBB611A555B3}"
EndProject
Project("{FAE04EC0-301F-11D3-BF4B-00C04F79EFBC}") = "Repository", "Repository\Repository.csproj", "{AC907441-C370-48AF-9831-E619B665A247}"
EndProject
Project("{FAE04EC0-301F-11D3-BF4B-00C04F79EFBC}") = "Services", "Services\Services.csproj", "{1C7E5788-FD5E-454A-86D4-0FE400D7D315}"
EndProject
Project("{FAE04EC0-301F-11D3-BF4B-00C04F79EFBC}") = "API", "API\API.csproj", "{A9FEDB55-C756-4FD3-BD4A-1F3C5A33D7B2}"
EndProject
Global
	GlobalSection(SolutionConfigurationPlatforms) = preSolution
		Debug|Any CPU = Debug|Any CPU
		Release|Any CPU = Release|Any CPU
	EndGlobalSection
	GlobalSection(ProjectConfigurationPlatforms) = postSolution
		{4BC1DCFD-A6B6-41B4-9657-CBB611A555B3}.Debug|Any CPU.ActiveCfg = Debug|Any CPU
		{4BC1DCFD-A6B6-41B4-9657-CBB611A555B3}.Debug|Any CPU.Build.0 = Debug|Any CPU
		{4BC1DCFD-A6B6-41B4-9657-CBB611A555B3}.Release|Any CPU.ActiveCfg = Release|Any CPU
		{4BC1DCFD-A6B6-41B4-9657-CBB611A555B3}.Release|Any CPU.Build.0 = Release|Any CPU
		{AC907441-C370-48AF-9831-E619B665A247}.Debug|Any CPU.ActiveCfg = Debug|Any CPU
		{AC907441-C370-48AF-9831-E619B665A247}.Debug|Any CPU.Build.0 = Debug|Any CPU
		{AC907441-C370-48AF-9831-E619B665A247}.Release|Any CPU.ActiveCfg = Release|Any CPU
		{AC907441-C370-48AF-9831-E619B665A247}.Release|Any CPU.Build.0 = Release|Any CPU
		{1C7E5788-FD5E-454A-86D4-0FE400D7D315}.Debug|Any CPU.ActiveCfg = Debug|Any CPU
		{1C7E5788-FD5E-454A-86D4-0FE400D7D315}.Debug|Any CPU.Build.0 = Debug|Any CPU
		{1C7E5788-FD5E-454A-86D4-0FE400D7D315}.Release|Any CPU.ActiveCfg = Release|Any CPU
		{1C7E5788-FD5E-454A-86D4-0FE400D7D315}.Release|Any CPU.Build.0 = Release|Any CPU
		{A9FEDB55-C756-4FD3-BD4A-1F3C5A33D7B2}.Debug|Any CPU.ActiveCfg = Debug|Any CPU
		{A9FEDB55-C756-4FD3-BD4A-1F3C5A33D7B2}.Debug|Any CPU.Build.0 = Debug|Any CPU
		{A9FEDB55-C756-4FD3-BD4A-1F3C5A33D7B2}.Release|Any CPU.ActiveCfg = Release|Any CPU
		{A9FEDB55-C756-4FD3-BD4A-1F3C5A33D7B2}.Release|Any CPU.Build.0 = Release|Any CPU
	EndGlobalSection
	GlobalSection(SolutionProperties) = preSolution
		HideSolutionNode = FALSE
	EndGlobalSection
	GlobalSection(ExtensibilityGlobals) = postSolution
		SolutionGuid = {463A58AA-C332-4A88-9418-A3018898B1B1}
	EndGlobalSection
EndGlobal
